// !$*UTF8*$!
{
	archiveVersion = 1;
	classes = {
	};
	objectVersion = 50;
	objects = {

/* Begin PBXBuildFile section */
		1A5AFED12522E24D005DB856 /* AppDelegate.swift in Sources */ = {isa = PBXBuildFile; fileRef = 1A5AFED02522E24D005DB856 /* AppDelegate.swift */; };
		1A5AFED32522E24D005DB856 /* SceneDelegate.swift in Sources */ = {isa = PBXBuildFile; fileRef = 1A5AFED22522E24D005DB856 /* SceneDelegate.swift */; };
		1A5AFED52522E24D005DB856 /* ViewController.swift in Sources */ = {isa = PBXBuildFile; fileRef = 1A5AFED42522E24D005DB856 /* ViewController.swift */; };
		1A5AFED82522E24D005DB856 /* Main.storyboard in Resources */ = {isa = PBXBuildFile; fileRef = 1A5AFED62522E24D005DB856 /* Main.storyboard */; };
		1A5AFEDA2522E250005DB856 /* Assets.xcassets in Resources */ = {isa = PBXBuildFile; fileRef = 1A5AFED92522E250005DB856 /* Assets.xcassets */; };
		1A5AFEDD2522E250005DB856 /* LaunchScreen.storyboard in Resources */ = {isa = PBXBuildFile; fileRef = 1A5AFEDB2522E250005DB856 /* LaunchScreen.storyboard */; };
		1A5AFEE82522E250005DB856 /* testSubclassNavigationTests.swift in Sources */ = {isa = PBXBuildFile; fileRef = 1A5AFEE72522E250005DB856 /* testSubclassNavigationTests.swift */; };
		1A5AFEF32522E250005DB856 /* testSubclassNavigationUITests.swift in Sources */ = {isa = PBXBuildFile; fileRef = 1A5AFEF22522E250005DB856 /* testSubclassNavigationUITests.swift */; };
		1A5AFF722522E2BA005DB856 /* NavigationController.swift in Sources */ = {isa = PBXBuildFile; fileRef = 1A5AFF712522E2BA005DB856 /* NavigationController.swift */; };
		1A5AFF772522E2C4005DB856 /* ContentViewController.swift in Sources */ = {isa = PBXBuildFile; fileRef = 1A5AFF762522E2C4005DB856 /* ContentViewController.swift */; };
/* End PBXBuildFile section */

/* Begin PBXContainerItemProxy section */
		1A5AFEE42522E250005DB856 /* PBXContainerItemProxy */ = {
			isa = PBXContainerItemProxy;
			containerPortal = 1A5AFEC52522E24D005DB856 /* Project object */;
			proxyType = 1;
			remoteGlobalIDString = 1A5AFECC2522E24D005DB856;
			remoteInfo = testSubclassNavigation;
		};
		1A5AFEEF2522E250005DB856 /* PBXContainerItemProxy */ = {
			isa = PBXContainerItemProxy;
			containerPortal = 1A5AFEC52522E24D005DB856 /* Project object */;
			proxyType = 1;
			remoteGlobalIDString = 1A5AFECC2522E24D005DB856;
			remoteInfo = testSubclassNavigation;
		};
/* End PBXContainerItemProxy section */

/* Begin PBXFileReference section */
		1A5AFECD2522E24D005DB856 /* testSubclassNavigation.app */ = {isa = PBXFileReference; explicitFileType = wrapper.application; includeInIndex = 0; path = testSubclassNavigation.app; sourceTree = BUILT_PRODUCTS_DIR; };
		1A5AFED02522E24D005DB856 /* AppDelegate.swift */ = {isa = PBXFileReference; lastKnownFileType = sourcecode.swift; path = AppDelegate.swift; sourceTree = "<group>"; };
		1A5AFED22522E24D005DB856 /* SceneDelegate.swift */ = {isa = PBXFileReference; lastKnownFileType = sourcecode.swift; path = SceneDelegate.swift; sourceTree = "<group>"; };
		1A5AFED42522E24D005DB856 /* ViewController.swift */ = {isa = PBXFileReference; lastKnownFileType = sourcecode.swift; path = ViewController.swift; sourceTree = "<group>"; };
		1A5AFED72522E24D005DB856 /* Base */ = {isa = PBXFileReference; lastKnownFileType = file.storyboard; name = Base; path = Base.lproj/Main.storyboard; sourceTree = "<group>"; };
		1A5AFED92522E250005DB856 /* Assets.xcassets */ = {isa = PBXFileReference; lastKnownFileType = folder.assetcatalog; path = Assets.xcassets; sourceTree = "<group>"; };
		1A5AFEDC2522E250005DB856 /* Base */ = {isa = PBXFileReference; lastKnownFileType = file.storyboard; name = Base; path = Base.lproj/LaunchScreen.storyboard; sourceTree = "<group>"; };
		1A5AFEDE2522E250005DB856 /* Info.plist */ = {isa = PBXFileReference; lastKnownFileType = text.plist.xml; path = Info.plist; sourceTree = "<group>"; };
		1A5AFEE32522E250005DB856 /* testSubclassNavigationTests.xctest */ = {isa = PBXFileReference; explicitFileType = wrapper.cfbundle; includeInIndex = 0; path = testSubclassNavigationTests.xctest; sourceTree = BUILT_PRODUCTS_DIR; };
		1A5AFEE72522E250005DB856 /* testSubclassNavigationTests.swift */ = {isa = PBXFileReference; lastKnownFileType = sourcecode.swift; path = testSubclassNavigationTests.swift; sourceTree = "<group>"; };
		1A5AFEE92522E250005DB856 /* Info.plist */ = {isa = PBXFileReference; lastKnownFileType = text.plist.xml; path = Info.plist; sourceTree = "<group>"; };
		1A5AFEEE2522E250005DB856 /* testSubclassNavigationUITests.xctest */ = {isa = PBXFileReference; explicitFileType = wrapper.cfbundle; includeInIndex = 0; path = testSubclassNavigationUITests.xctest; sourceTree = BUILT_PRODUCTS_DIR; };
		1A5AFEF22522E250005DB856 /* testSubclassNavigationUITests.swift */ = {isa = PBXFileReference; lastKnownFileType = sourcecode.swift; path = testSubclassNavigationUITests.swift; sourceTree = "<group>"; };
		1A5AFEF42522E250005DB856 /* Info.plist */ = {isa = PBXFileReference; lastKnownFileType = text.plist.xml; path = Info.plist; sourceTree = "<group>"; };
		1A5AFF712522E2BA005DB856 /* NavigationController.swift */ = {isa = PBXFileReference; lastKnownFileType = sourcecode.swift; path = NavigationController.swift; sourceTree = "<group>"; };
		1A5AFF762522E2C4005DB856 /* ContentViewController.swift */ = {isa = PBXFileReference; lastKnownFileType = sourcecode.swift; path = ContentViewController.swift; sourceTree = "<group>"; };
		1A5AFF7B2522E56C005DB856 /* testSubclassNavigation.entitlements */ = {isa = PBXFileReference; lastKnownFileType = text.plist.entitlements; path = testSubclassNavigation.entitlements; sourceTree = "<group>"; };
/* End PBXFileReference section */

/* Begin PBXFrameworksBuildPhase section */
		1A5AFECA2522E24D005DB856 /* Frameworks */ = {
			isa = PBXFrameworksBuildPhase;
			buildActionMask = 2147483647;
			files = (
			);
			runOnlyForDeploymentPostprocessing = 0;
		};
		1A5AFEE02522E250005DB856 /* Frameworks */ = {
			isa = PBXFrameworksBuildPhase;
			buildActionMask = 2147483647;
			files = (
			);
			runOnlyForDeploymentPostprocessing = 0;
		};
		1A5AFEEB2522E250005DB856 /* Frameworks */ = {
			isa = PBXFrameworksBuildPhase;
			buildActionMask = 2147483647;
			files = (
			);
			runOnlyForDeploymentPostprocessing = 0;
		};
/* End PBXFrameworksBuildPhase section */

/* Begin PBXGroup section */
		1A5AFEC42522E24D005DB856 = {
			isa = PBXGroup;
			children = (
				1A5AFECF2522E24D005DB856 /* testSubclassNavigation */,
				1A5AFEE62522E250005DB856 /* testSubclassNavigationTests */,
				1A5AFEF12522E250005DB856 /* testSubclassNavigationUITests */,
				1A5AFECE2522E24D005DB856 /* Products */,
			);
			sourceTree = "<group>";
		};
		1A5AFECE2522E24D005DB856 /* Products */ = {
			isa = PBXGroup;
			children = (
				1A5AFECD2522E24D005DB856 /* testSubclassNavigation.app */,
				1A5AFEE32522E250005DB856 /* testSubclassNavigationTests.xctest */,
				1A5AFEEE2522E250005DB856 /* testSubclassNavigationUITests.xctest */,
			);
			name = Products;
			sourceTree = "<group>";
		};
		1A5AFECF2522E24D005DB856 /* testSubclassNavigation */ = {
			isa = PBXGroup;
			children = (
				1A5AFF7B2522E56C005DB856 /* testSubclassNavigation.entitlements */,
				1A5AFED02522E24D005DB856 /* AppDelegate.swift */,
				1A5AFED22522E24D005DB856 /* SceneDelegate.swift */,
				1A5AFED42522E24D005DB856 /* ViewController.swift */,
				1A5AFED62522E24D005DB856 /* Main.storyboard */,
				1A5AFF712522E2BA005DB856 /* NavigationController.swift */,
				1A5AFF762522E2C4005DB856 /* ContentViewController.swift */,
				1A5AFED92522E250005DB856 /* Assets.xcassets */,
				1A5AFEDB2522E250005DB856 /* LaunchScreen.storyboard */,
				1A5AFEDE2522E250005DB856 /* Info.plist */,
			);
			path = testSubclassNavigation;
			sourceTree = "<group>";
		};
		1A5AFEE62522E250005DB856 /* testSubclassNavigationTests */ = {
			isa = PBXGroup;
			children = (
				1A5AFEE72522E250005DB856 /* testSubclassNavigationTests.swift */,
				1A5AFEE92522E250005DB856 /* Info.plist */,
			);
			path = testSubclassNavigationTests;
			sourceTree = "<group>";
		};
		1A5AFEF12522E250005DB856 /* testSubclassNavigationUITests */ = {
			isa = PBXGroup;
			children = (
				1A5AFEF22522E250005DB856 /* testSubclassNavigationUITests.swift */,
				1A5AFEF42522E250005DB856 /* Info.plist */,
			);
			path = testSubclassNavigationUITests;
			sourceTree = "<group>";
		};
/* End PBXGroup section */

/* Begin PBXNativeTarget section */
		1A5AFECC2522E24D005DB856 /* testSubclassNavigation */ = {
			isa = PBXNativeTarget;
			buildConfigurationList = 1A5AFEF72522E250005DB856 /* Build configuration list for PBXNativeTarget "testSubclassNavigation" */;
			buildPhases = (
				1A5AFEC92522E24D005DB856 /* Sources */,
				1A5AFECA2522E24D005DB856 /* Frameworks */,
				1A5AFECB2522E24D005DB856 /* Resources */,
			);
			buildRules = (
			);
			dependencies = (
			);
			name = testSubclassNavigation;
			productName = testSubclassNavigation;
			productReference = 1A5AFECD2522E24D005DB856 /* testSubclassNavigation.app */;
			productType = "com.apple.product-type.application";
		};
		1A5AFEE22522E250005DB856 /* testSubclassNavigationTests */ = {
			isa = PBXNativeTarget;
			buildConfigurationList = 1A5AFEFA2522E250005DB856 /* Build configuration list for PBXNativeTarget "testSubclassNavigationTests" */;
			buildPhases = (
				1A5AFEDF2522E250005DB856 /* Sources */,
				1A5AFEE02522E250005DB856 /* Frameworks */,
				1A5AFEE12522E250005DB856 /* Resources */,
			);
			buildRules = (
			);
			dependencies = (
				1A5AFEE52522E250005DB856 /* PBXTargetDependency */,
			);
			name = testSubclassNavigationTests;
			productName = testSubclassNavigationTests;
			productReference = 1A5AFEE32522E250005DB856 /* testSubclassNavigationTests.xctest */;
			productType = "com.apple.product-type.bundle.unit-test";
		};
		1A5AFEED2522E250005DB856 /* testSubclassNavigationUITests */ = {
			isa = PBXNativeTarget;
			buildConfigurationList = 1A5AFEFD2522E250005DB856 /* Build configuration list for PBXNativeTarget "testSubclassNavigationUITests" */;
			buildPhases = (
				1A5AFEEA2522E250005DB856 /* Sources */,
				1A5AFEEB2522E250005DB856 /* Frameworks */,
				1A5AFEEC2522E250005DB856 /* Resources */,
			);
			buildRules = (
			);
			dependencies = (
				1A5AFEF02522E250005DB856 /* PBXTargetDependency */,
			);
			name = testSubclassNavigationUITests;
			productName = testSubclassNavigationUITests;
			productReference = 1A5AFEEE2522E250005DB856 /* testSubclassNavigationUITests.xctest */;
			productType = "com.apple.product-type.bundle.ui-testing";
		};
/* End PBXNativeTarget section */

/* Begin PBXProject section */
		1A5AFEC52522E24D005DB856 /* Project object */ = {
			isa = PBXProject;
			attributes = {
				LastSwiftUpdateCheck = 1200;
				LastUpgradeCheck = 1200;
				TargetAttributes = {
					1A5AFECC2522E24D005DB856 = {
						CreatedOnToolsVersion = 12.0;
					};
					1A5AFEE22522E250005DB856 = {
						CreatedOnToolsVersion = 12.0;
						TestTargetID = 1A5AFECC2522E24D005DB856;
					};
					1A5AFEED2522E250005DB856 = {
						CreatedOnToolsVersion = 12.0;
						TestTargetID = 1A5AFECC2522E24D005DB856;
					};
				};
			};
			buildConfigurationList = 1A5AFEC82522E24D005DB856 /* Build configuration list for PBXProject "testSubclassNavigation" */;
			compatibilityVersion = "Xcode 9.3";
			developmentRegion = en;
			hasScannedForEncodings = 0;
			knownRegions = (
				en,
				Base,
			);
			mainGroup = 1A5AFEC42522E24D005DB856;
			productRefGroup = 1A5AFECE2522E24D005DB856 /* Products */;
			projectDirPath = "";
			projectRoot = "";
			targets = (
				1A5AFECC2522E24D005DB856 /* testSubclassNavigation */,
				1A5AFEE22522E250005DB856 /* testSubclassNavigationTests */,
				1A5AFEED2522E250005DB856 /* testSubclassNavigationUITests */,
			);
		};
/* End PBXProject section */

/* Begin PBXResourcesBuildPhase section */
		1A5AFECB2522E24D005DB856 /* Resources */ = {
			isa = PBXResourcesBuildPhase;
			buildActionMask = 2147483647;
			files = (
				1A5AFEDD2522E250005DB856 /* LaunchScreen.storyboard in Resources */,
				1A5AFEDA2522E250005DB856 /* Assets.xcassets in Resources */,
				1A5AFED82522E24D005DB856 /* Main.storyboard in Resources */,
			);
			runOnlyForDeploymentPostprocessing = 0;
		};
		1A5AFEE12522E250005DB856 /* Resources */ = {
			isa = PBXResourcesBuildPhase;
			buildActionMask = 2147483647;
			files = (
			);
			runOnlyForDeploymentPostprocessing = 0;
		};
		1A5AFEEC2522E250005DB856 /* Resources */ = {
			isa = PBXResourcesBuildPhase;
			buildActionMask = 2147483647;
			files = (
			);
			runOnlyForDeploymentPostprocessing = 0;
		};
/* End PBXResourcesBuildPhase section */

/* Begin PBXSourcesBuildPhase section */
		1A5AFEC92522E24D005DB856 /* Sources */ = {
			isa = PBXSourcesBuildPhase;
			buildActionMask = 2147483647;
			files = (
				1A5AFF772522E2C4005DB856 /* ContentViewController.swift in Sources */,
				1A5AFED52522E24D005DB856 /* ViewController.swift in Sources */,
				1A5AFF722522E2BA005DB856 /* NavigationController.swift in Sources */,
				1A5AFED12522E24D005DB856 /* AppDelegate.swift in Sources */,
				1A5AFED32522E24D005DB856 /* SceneDelegate.swift in Sources */,
			);
			runOnlyForDeploymentPostprocessing = 0;
		};
		1A5AFEDF2522E250005DB856 /* Sources */ = {
			isa = PBXSourcesBuildPhase;
			buildActionMask = 2147483647;
			files = (
				1A5AFEE82522E250005DB856 /* testSubclassNavigationTests.swift in Sources */,
			);
			runOnlyForDeploymentPostprocessing = 0;
		};
		1A5AFEEA2522E250005DB856 /* Sources */ = {
			isa = PBXSourcesBuildPhase;
			buildActionMask = 2147483647;
			files = (
				1A5AFEF32522E250005DB856 /* testSubclassNavigationUITests.swift in Sources */,
			);
			runOnlyForDeploymentPostprocessing = 0;
		};
/* End PBXSourcesBuildPhase section */

/* Begin PBXTargetDependency section */
		1A5AFEE52522E250005DB856 /* PBXTargetDependency */ = {
			isa = PBXTargetDependency;
			target = 1A5AFECC2522E24D005DB856 /* testSubclassNavigation */;
			targetProxy = 1A5AFEE42522E250005DB856 /* PBXContainerItemProxy */;
		};
		1A5AFEF02522E250005DB856 /* PBXTargetDependency */ = {
			isa = PBXTargetDependency;
			target = 1A5AFECC2522E24D005DB856 /* testSubclassNavigation */;
			targetProxy = 1A5AFEEF2522E250005DB856 /* PBXContainerItemProxy */;
		};
/* End PBXTargetDependency section */

/* Begin PBXVariantGroup section */
		1A5AFED62522E24D005DB856 /* Main.storyboard */ = {
			isa = PBXVariantGroup;
			children = (
				1A5AFED72522E24D005DB856 /* Base */,
			);
			name = Main.storyboard;
			sourceTree = "<group>";
		};
		1A5AFEDB2522E250005DB856 /* LaunchScreen.storyboard */ = {
			isa = PBXVariantGroup;
			children = (
				1A5AFEDC2522E250005DB856 /* Base */,
			);
			name = LaunchScreen.storyboard;
			sourceTree = "<group>";
		};
/* End PBXVariantGroup section */

/* Begin XCBuildConfiguration section */
		1A5AFEF52522E250005DB856 /* Debug */ = {
			isa = XCBuildConfiguration;
			buildSettings = {
				ALWAYS_SEARCH_USER_PATHS = NO;
				CLANG_ANALYZER_NONNULL = YES;
				CLANG_ANALYZER_NUMBER_OBJECT_CONVERSION = YES_AGGRESSIVE;
				CLANG_CXX_LANGUAGE_STANDARD = "gnu++14";
				CLANG_CXX_LIBRARY = "libc++";
				CLANG_ENABLE_MODULES = YES;
				CLANG_ENABLE_OBJC_ARC = YES;
				CLANG_ENABLE_OBJC_WEAK = YES;
				CLANG_WARN_BLOCK_CAPTURE_AUTORELEASING = YES;
				CLANG_WARN_BOOL_CONVERSION = YES;
				CLANG_WARN_COMMA = YES;
				CLANG_WARN_CONSTANT_CONVERSION = YES;
				CLANG_WARN_DEPRECATED_OBJC_IMPLEMENTATIONS = YES;
				CLANG_WARN_DIRECT_OBJC_ISA_USAGE = YES_ERROR;
				CLANG_WARN_DOCUMENTATION_COMMENTS = YES;
				CLANG_WARN_EMPTY_BODY = YES;
				CLANG_WARN_ENUM_CONVERSION = YES;
				CLANG_WARN_INFINITE_RECURSION = YES;
				CLANG_WARN_INT_CONVERSION = YES;
				CLANG_WARN_NON_LITERAL_NULL_CONVERSION = YES;
				CLANG_WARN_OBJC_IMPLICIT_RETAIN_SELF = YES;
				CLANG_WARN_OBJC_LITERAL_CONVERSION = YES;
				CLANG_WARN_OBJC_ROOT_CLASS = YES_ERROR;
				CLANG_WARN_QUOTED_INCLUDE_IN_FRAMEWORK_HEADER = YES;
				CLANG_WARN_RANGE_LOOP_ANALYSIS = YES;
				CLANG_WARN_STRICT_PROTOTYPES = YES;
				CLANG_WARN_SUSPICIOUS_MOVE = YES;
				CLANG_WARN_UNGUARDED_AVAILABILITY = YES_AGGRESSIVE;
				CLANG_WARN_UNREACHABLE_CODE = YES;
				CLANG_WARN__DUPLICATE_METHOD_MATCH = YES;
				COPY_PHASE_STRIP = NO;
				DEBUG_INFORMATION_FORMAT = dwarf;
				ENABLE_STRICT_OBJC_MSGSEND = YES;
				ENABLE_TESTABILITY = YES;
				GCC_C_LANGUAGE_STANDARD = gnu11;
				GCC_DYNAMIC_NO_PIC = NO;
				GCC_NO_COMMON_BLOCKS = YES;
				GCC_OPTIMIZATION_LEVEL = 0;
				GCC_PREPROCESSOR_DEFINITIONS = (
					"DEBUG=1",
					"$(inherited)",
				);
				GCC_WARN_64_TO_32_BIT_CONVERSION = YES;
				GCC_WARN_ABOUT_RETURN_TYPE = YES_ERROR;
				GCC_WARN_UNDECLARED_SELECTOR = YES;
				GCC_WARN_UNINITIALIZED_AUTOS = YES_AGGRESSIVE;
				GCC_WARN_UNUSED_FUNCTION = YES;
				GCC_WARN_UNUSED_VARIABLE = YES;
				IPHONEOS_DEPLOYMENT_TARGET = 14.0;
				MTL_ENABLE_DEBUG_INFO = INCLUDE_SOURCE;
				MTL_FAST_MATH = YES;
				ONLY_ACTIVE_ARCH = YES;
				SDKROOT = iphoneos;
				SWIFT_ACTIVE_COMPILATION_CONDITIONS = DEBUG;
				SWIFT_OPTIMIZATION_LEVEL = "-Onone";
			};
			name = Debug;
		};
		1A5AFEF62522E250005DB856 /* Release */ = {
			isa = XCBuildConfiguration;
			buildSettings = {
				ALWAYS_SEARCH_USER_PATHS = NO;
				CLANG_ANALYZER_NONNULL = YES;
				CLANG_ANALYZER_NUMBER_OBJECT_CONVERSION = YES_AGGRESSIVE;
				CLANG_CXX_LANGUAGE_STANDARD = "gnu++14";
				CLANG_CXX_LIBRARY = "libc++";
				CLANG_ENABLE_MODULES = YES;
				CLANG_ENABLE_OBJC_ARC = YES;
				CLANG_ENABLE_OBJC_WEAK = YES;
				CLANG_WARN_BLOCK_CAPTURE_AUTORELEASING = YES;
				CLANG_WARN_BOOL_CONVERSION = YES;
				CLANG_WARN_COMMA = YES;
				CLANG_WARN_CONSTANT_CONVERSION = YES;
				CLANG_WARN_DEPRECATED_OBJC_IMPLEMENTATIONS = YES;
				CLANG_WARN_DIRECT_OBJC_ISA_USAGE = YES_ERROR;
				CLANG_WARN_DOCUMENTATION_COMMENTS = YES;
				CLANG_WARN_EMPTY_BODY = YES;
				CLANG_WARN_ENUM_CONVERSION = YES;
				CLANG_WARN_INFINITE_RECURSION = YES;
				CLANG_WARN_INT_CONVERSION = YES;
				CLANG_WARN_NON_LITERAL_NULL_CONVERSION = YES;
				CLANG_WARN_OBJC_IMPLICIT_RETAIN_SELF = YES;
				CLANG_WARN_OBJC_LITERAL_CONVERSION = YES;
				CLANG_WARN_OBJC_ROOT_CLASS = YES_ERROR;
				CLANG_WARN_QUOTED_INCLUDE_IN_FRAMEWORK_HEADER = YES;
				CLANG_WARN_RANGE_LOOP_ANALYSIS = YES;
				CLANG_WARN_STRICT_PROTOTYPES = YES;
				CLANG_WARN_SUSPICIOUS_MOVE = YES;
				CLANG_WARN_UNGUARDED_AVAILABILITY = YES_AGGRESSIVE;
				CLANG_WARN_UNREACHABLE_CODE = YES;
				CLANG_WARN__DUPLICATE_METHOD_MATCH = YES;
				COPY_PHASE_STRIP = NO;
				DEBUG_INFORMATION_FORMAT = "dwarf-with-dsym";
				ENABLE_NS_ASSERTIONS = NO;
				ENABLE_STRICT_OBJC_MSGSEND = YES;
				GCC_C_LANGUAGE_STANDARD = gnu11;
				GCC_NO_COMMON_BLOCKS = YES;
				GCC_WARN_64_TO_32_BIT_CONVERSION = YES;
				GCC_WARN_ABOUT_RETURN_TYPE = YES_ERROR;
				GCC_WARN_UNDECLARED_SELECTOR = YES;
				GCC_WARN_UNINITIALIZED_AUTOS = YES_AGGRESSIVE;
				GCC_WARN_UNUSED_FUNCTION = YES;
				GCC_WARN_UNUSED_VARIABLE = YES;
				IPHONEOS_DEPLOYMENT_TARGET = 14.0;
				MTL_ENABLE_DEBUG_INFO = NO;
				MTL_FAST_MATH = YES;
				SDKROOT = iphoneos;
				SWIFT_COMPILATION_MODE = wholemodule;
				SWIFT_OPTIMIZATION_LEVEL = "-O";
				VALIDATE_PRODUCT = YES;
			};
			name = Release;
		};
		1A5AFEF82522E250005DB856 /* Debug */ = {
			isa = XCBuildConfiguration;
			buildSettings = {
				ASSETCATALOG_COMPILER_APPICON_NAME = AppIcon;
				ASSETCATALOG_COMPILER_GLOBAL_ACCENT_COLOR_NAME = AccentColor;
				CODE_SIGN_ENTITLEMENTS = testSubclassNavigation/testSubclassNavigation.entitlements;
				CODE_SIGN_STYLE = Automatic;
				DEVELOPMENT_TEAM = H5BVQ8XRL4;
				INFOPLIST_FILE = testSubclassNavigation/Info.plist;
				"IPHONEOS_DEPLOYMENT_TARGET[sdk=macosx*]" = 13.4;
				LD_RUNPATH_SEARCH_PATHS = (
					"$(inherited)",
					"@executable_path/Frameworks",
				);
				PRODUCT_BUNDLE_IDENTIFIER = com.goodnotes.testSubclassNavigation;
				PRODUCT_NAME = "$(TARGET_NAME)";
				SUPPORTS_MACCATALYST = YES;
				SWIFT_VERSION = 5.0;
				TARGETED_DEVICE_FAMILY = "1,2";
			};
			name = Debug;
		};
		1A5AFEF92522E250005DB856 /* Release */ = {
			isa = XCBuildConfiguration;
			buildSettings = {
				ASSETCATALOG_COMPILER_APPICON_NAME = AppIcon;
				ASSETCATALOG_COMPILER_GLOBAL_ACCENT_COLOR_NAME = AccentColor;
				CODE_SIGN_ENTITLEMENTS = testSubclassNavigation/testSubclassNavigation.entitlements;
				CODE_SIGN_STYLE = Automatic;
				DEVELOPMENT_TEAM = H5BVQ8XRL4;
				INFOPLIST_FILE = testSubclassNavigation/Info.plist;
				"IPHONEOS_DEPLOYMENT_TARGET[sdk=macosx*]" = 13.4;
				LD_RUNPATH_SEARCH_PATHS = (
					"$(inherited)",
					"@executable_path/Frameworks",
				);
				PRODUCT_BUNDLE_IDENTIFIER = com.goodnotes.testSubclassNavigation;
				PRODUCT_NAME = "$(TARGET_NAME)";
				SUPPORTS_MACCATALYST = YES;
				SWIFT_VERSION = 5.0;
				TARGETED_DEVICE_FAMILY = "1,2";
			};
			name = Release;
		};
		1A5AFEFB2522E250005DB856 /* Debug */ = {
			isa = XCBuildConfiguration;
			buildSettings = {
				ALWAYS_EMBED_SWIFT_STANDARD_LIBRARIES = YES;
				BUNDLE_LOADER = "$(TEST_HOST)";
				CODE_SIGN_STYLE = Automatic;
				DEVELOPMENT_TEAM = H5BVQ8XRL4;
				INFOPLIST_FILE = testSubclassNavigationTests/Info.plist;
				IPHONEOS_DEPLOYMENT_TARGET = 14.0;
				LD_RUNPATH_SEARCH_PATHS = (
					"$(inherited)",
					"@executable_path/Frameworks",
					"@loader_path/Frameworks",
				);
				PRODUCT_BUNDLE_IDENTIFIER = com.goodnotes.testSubclassNavigationTests;
				PRODUCT_NAME = "$(TARGET_NAME)";
				SWIFT_VERSION = 5.0;
				TARGETED_DEVICE_FAMILY = "1,2";
				TEST_HOST = "$(BUILT_PRODUCTS_DIR)/testSubclassNavigation.app/testSubclassNavigation";
			};
			name = Debug;
		};
		1A5AFEFC2522E250005DB856 /* Release */ = {
			isa = XCBuildConfiguration;
			buildSettings = {
				ALWAYS_EMBED_SWIFT_STANDARD_LIBRARIES = YES;
				BUNDLE_LOADER = "$(TEST_HOST)";
				CODE_SIGN_STYLE = Automatic;
				DEVELOPMENT_TEAM = H5BVQ8XRL4;
				INFOPLIST_FILE = testSubclassNavigationTests/Info.plist;
				IPHONEOS_DEPLOYMENT_TARGET = 14.0;
				LD_RUNPATH_SEARCH_PATHS = (
					"$(inherited)",
					"@executable_path/Frameworks",
					"@loader_path/Frameworks",
				);
				PRODUCT_BUNDLE_IDENTIFIER = com.goodnotes.testSubclassNavigationTests;
				PRODUCT_NAME = "$(TARGET_NAME)";
				SWIFT_VERSION = 5.0;
				TARGETED_DEVICE_FAMILY = "1,2";
				TEST_HOST = "$(BUILT_PRODUCTS_DIR)/testSubclassNavigation.app/testSubclassNavigation";
			};
			name = Release;
		};
		1A5AFEFE2522E250005DB856 /* Debug */ = {
			isa = XCBuildConfiguration;
			buildSettings = {
				ALWAYS_EMBED_SWIFT_STANDARD_LIBRARIES = YES;
				CODE_SIGN_STYLE = Automatic;
				DEVELOPMENT_TEAM = H5BVQ8XRL4;
				INFOPLIST_FILE = testSubclassNavigationUITests/Info.plist;
				LD_RUNPATH_SEARCH_PATHS = (
					"$(inherited)",
					"@executable_path/Frameworks",
					"@loader_path/Frameworks",
				);
				PRODUCT_BUNDLE_IDENTIFIER = com.goodnotes.testSubclassNavigationUITests;
				PRODUCT_NAME = "$(TARGET_NAME)";
				SWIFT_VERSION = 5.0;
				TARGETED_DEVICE_FAMILY = "1,2";
				TEST_TARGET_NAME = testSubclassNavigation;
			};
			name = Debug;
		};
		1A5AFEFF2522E250005DB856 /* Release */ = {
			isa = XCBuildConfiguration;
			buildSettings = {
				ALWAYS_EMBED_SWIFT_STANDARD_LIBRARIES = YES;
				CODE_SIGN_STYLE = Automatic;
				DEVELOPMENT_TEAM = H5BVQ8XRL4;
				INFOPLIST_FILE = testSubclassNavigationUITests/Info.plist;
				LD_RUNPATH_SEARCH_PATHS = (
					"$(inherited)",
					"@executable_path/Frameworks",
					"@loader_path/Frameworks",
				);
				PRODUCT_BUNDLE_IDENTIFIER = com.goodnotes.testSubclassNavigationUITests;
				PRODUCT_NAME = "$(TARGET_NAME)";
				SWIFT_VERSION = 5.0;
				TARGETED_DEVICE_FAMILY = "1,2";
				TEST_TARGET_NAME = testSubclassNavigation;
			};
			name = Release;
		};
/* End XCBuildConfiguration section */

/* Begin XCConfigurationList section */
		1A5AFEC82522E24D005DB856 /* Build configuration list for PBXProject "testSubclassNavigation" */ = {
			isa = XCConfigurationList;
			buildConfigurations = (
				1A5AFEF52522E250005DB856 /* Debug */,
				1A5AFEF62522E250005DB856 /* Release */,
			);
			defaultConfigurationIsVisible = 0;
			defaultConfigurationName = Release;
		};
		1A5AFEF72522E250005DB856 /* Build configuration list for PBXNativeTarget "testSubclassNavigation" */ = {
			isa = XCConfigurationList;
			buildConfigurations = (
				1A5AFEF82522E250005DB856 /* Debug */,
				1A5AFEF92522E250005DB856 /* Release */,
			);
			defaultConfigurationIsVisible = 0;
			defaultConfigurationName = Release;
		};
		1A5AFEFA2522E250005DB856 /* Build configuration list for PBXNativeTarget "testSubclassNavigationTests" */ = {
			isa = XCConfigurationList;
			buildConfigurations = (
				1A5AFEFB2522E250005DB856 /* Debug */,
				1A5AFEFC2522E250005DB856 /* Release */,
			);
			defaultConfigurationIsVisible = 0;
			defaultConfigurationName = Release;
		};
		1A5AFEFD2522E250005DB856 /* Build configuration list for PBXNativeTarget "testSubclassNavigationUITests" */ = {
			isa = XCConfigurationList;
			buildConfigurations = (
				1A5AFEFE2522E250005DB856 /* Debug */,
				1A5AFEFF2522E250005DB856 /* Release */,
			);
			defaultConfigurationIsVisible = 0;
			defaultConfigurationName = Release;
		};
/* End XCConfigurationList section */
	};
	rootObject = 1A5AFEC52522E24D005DB856 /* Project object */;
}
